
Microsoft Visual Studio Solution File, Format Version 12.00
# Visual Studio Version 16
VisualStudioVersion = 16.0.29728.190
MinimumVisualStudioVersion = 10.0.40219.1
Project("{FAE04EC0-301F-11D3-BF4B-00C04F79EFBC}") = "CoronaVirus Bot Sample", "CoronaVirus Bot Sample\CoronaVirus Bot Sample.csproj", "{198B78FA-21D4-44DA-B7DE-988864A71E21}"
EndProject
Global
	GlobalSection(SolutionConfigurationPlatforms) = preSolution
		Debug|Any CPU = Debug|Any CPU
		Release|Any CPU = Release|Any CPU
	EndGlobalSection
	GlobalSection(ProjectConfigurationPlatforms) = postSolution
		{198B78FA-21D4-44DA-B7DE-988864A71E21}.Debug|Any CPU.ActiveCfg = Debug|Any CPU
		{198B78FA-21D4-44DA-B7DE-988864A71E21}.Debug|Any CPU.Build.0 = Debug|Any CPU
		{198B78FA-21D4-44DA-B7DE-988864A71E21}.Release|Any CPU.ActiveCfg = Release|Any CPU
		{198B78FA-21D4-44DA-B7DE-988864A71E21}.Release|Any CPU.Build.0 = Release|Any CPU
	EndGlobalSection
	GlobalSection(SolutionProperties) = preSolution
		HideSolutionNode = FALSE
	EndGlobalSection
	GlobalSection(ExtensibilityGlobals) = postSolution
		SolutionGuid = {632D5951-2AE8-43A2-A352-7ABF7B3E7965}
	EndGlobalSection
EndGlobal
